
Microsoft Visual Studio Solution File, Format Version 12.00
# Visual Studio Version 17
VisualStudioVersion = 17.14.36401.2 d17.14
MinimumVisualStudioVersion = 10.0.40219.1
Project("{FAE04EC0-301F-11D3-BF4B-00C04F79EFBC}") = "SqlDummySeeder", "SqlDummySeeder.csproj", "{23130589-922B-6C53-BA57-691EB881835D}"
EndProject
Global
	GlobalSection(SolutionConfigurationPlatforms) = preSolution
		Debug|Any CPU = Debug|Any CPU
		Release|Any CPU = Release|Any CPU
	EndGlobalSection
	GlobalSection(ProjectConfigurationPlatforms) = postSolution
		{23130589-922B-6C53-BA57-691EB881835D}.Debug|Any CPU.ActiveCfg = Debug|Any CPU
		{23130589-922B-6C53-BA57-691EB881835D}.Debug|Any CPU.Build.0 = Debug|Any CPU
		{23130589-922B-6C53-BA57-691EB881835D}.Release|Any CPU.ActiveCfg = Release|Any CPU
		{23130589-922B-6C53-BA57-691EB881835D}.Release|Any CPU.Build.0 = Release|Any CPU
	EndGlobalSection
	GlobalSection(SolutionProperties) = preSolution
		HideSolutionNode = FALSE
	EndGlobalSection
	GlobalSection(ExtensibilityGlobals) = postSolution
		SolutionGuid = {0B3133FB-EF1A-4C62-A8E7-50F5A5169437}
	EndGlobalSection
EndGlobal
